<?xml version="1.0" encoding="UTF-8" standalone="yes" ?>
<CodeBlocks_project_file>
	<FileVersion major="1" minor="6" />
	<Project>
		<Option title="ZombieGame" />
		<Option compiler="gcc" />
		<Build>
			<Target title="Linux-Debug">
				<Option output="../../bin/Debug/ZombieGame" prefix_auto="1" extension_auto="1" />
				<Option working_dir="../../bin/Debug" />
				<Option object_output="../../bin/Debug" />
				<Option type="1" />
				<Option compiler="gcc" />
				<Compiler>
					<Add option="-std=c++11" />
					<Add option="-g" />
				</Compiler>
				<Linker>
					<Add library="dl" />
					<Add library="pthread" />
					<Add library="Xext" />
					<Add library="X11" />
					<Add library="GL" />
					<Add library="Xxf86vm" />
					<Add library="Xrandr" />
					<Add library="Xi" />
					<Add library="glfw3" />
					<Add library="physfs" />
					<Add library="tinyxml2" />
					<Add library="sigc-2.0" />
					<Add library="freetype" />
					<Add directory="../../libs/libsigc++/lib/linux" />
					<Add directory="../../libs/bullet/lib/linux" />
				</Linker>
			</Target>
			<Target title="(UNUSED)Release">
				<Option output="bin/Release/ZombieGame" prefix_auto="1" extension_auto="1" />
				<Option object_output="obj/Release/" />
				<Option type="1" />
				<Option compiler="gcc" />
				<Compiler>
					<Add option="-O2" />
				</Compiler>
				<Linker>
					<Add option="-s" />
				</Linker>
			</Target>
			<Target title="Win32-Debug">
				<Option output="../../bin/Debug/ZombieGame" prefix_auto="1" extension_auto="1" />
				<Option working_dir="../../bin/Debug" />
				<Option object_output="../../bin/Debug" />
				<Option type="1" />
				<Option compiler="gcc" />
				<Compiler>
					<Add option="-std=c++11" />
					<Add option="-g" />
				</Compiler>
				<Linker>
					<Add library="glfw3_win32" />
					<Add library="opengl32" />
					<Add library="glu32" />
					<Add library="gdi32" />
					<Add library="physfs_win32" />
					<Add library="freetype" />
					<Add library="tinyxml2_win32" />
					<Add library="libsigc++.a" />
					<Add library="Ws2_32" />
					<Add library="pthread" />
					<Add directory="../../libs/glfw/lib" />
					<Add directory="../../libs/physfs/lib" />
					<Add directory="../../libs/freetype/lib" />
					<Add directory="../../libs/bullet/lib/win32" />
				</Linker>
				<ExtraCommands>
					<Add after='xcopy /y &quot;..\..\libs\irrKlang-1.5.0\dll\irrKlang.dll&quot; &quot;$(TARGET_OUTPUT_DIR)&quot;' />
					<Mode after="always" />
				</ExtraCommands>
			</Target>
			<Target title="Win32-Release">
				<Option output="../../bin/Release/ZombieGame" prefix_auto="1" extension_auto="1" />
				<Option working_dir="../../bin/Release" />
				<Option object_output="../../bin/Release" />
				<Option type="1" />
				<Option compiler="gcc" />
				<Option use_console_runner="0" />
				<Compiler>
					<Add option="-O3" />
					<Add option="-std=c++11" />
				</Compiler>
				<Linker>
					<Add library="glfw3_win32" />
					<Add library="opengl32" />
					<Add library="glu32" />
					<Add library="gdi32" />
					<Add library="libphysfs_win32" />
					<Add library="libsigc++.a" />
					<Add library="tinyxml2_win32" />
					<Add library="freetype" />
					<Add library="Ws2_32" />
					<Add library="pthread" />
					<Add directory="../../libs/glfw/lib" />
					<Add directory="../../libs/physfs/lib" />
					<Add directory="../../libs/freetype/lib" />
					<Add directory="../../libs/bullet/lib/win32" />
				</Linker>
			</Target>
		</Build>
		<Compiler>
			<Add option="-std=c++11" />
			<Add option="-Wall" />
			<Add option="-DGL3_PROTOTYPES" />
			<Add directory="../../src" />
			<Add directory="../../src/math" />
			<Add directory="../../libs/bullet/src" />
			<Add directory="../../libs/glfw/include" />
			<Add directory="../../libs/glm" />
			<Add directory="../../libs/glxw/include" />
			<Add directory="../../libs/glxw/src" />
			<Add directory="../../libs/physfs" />
			<Add directory="../../libs/stb_image" />
			<Add directory="../../libs/freetype/include" />
			<Add directory="../../libs/libsigc++" />
			<Add directory="../../libs/tinyxml2/src" />
			<Add directory="../../libs/irrKlang-1.5.0/include" />
		</Compiler>
		<Linker>
			<Add library="libBulletSoftBody.a" />
			<Add library="libBulletDynamics.a" />
			<Add library="libBulletCollision.a" />
			<Add library="libLinearMath.a" />
			<Add library="libirrklang.a" />
			<Add directory="../../libs/glfw/lib" />
			<Add directory="../../libs/physfs/lib" />
			<Add directory="../../libs/tinyxml2/lib" />
			<Add directory="../../libs/glfw/src" />
			<Add directory="../../libs/libsigc++/lib" />
			<Add directory="../../libs/irrKlang-1.5.0/lib" />
		</Linker>
		<Unit filename="../../libs/glfw/include/GLFW/glfw3.h" />
		<Unit filename="../../libs/glfw/include/GLFW/glfw3native.h" />
		<Unit filename="../../libs/glxw/src/glxw.c">
			<Option compilerVar="CC" />
		</Unit>
		<Unit filename="../../libs/glxw/src/glxw_glx.c">
			<Option compilerVar="CC" />
			<Option target="Linux-Debug" />
			<Option target="(UNUSED)Release" />
		</Unit>
		<Unit filename="../../libs/glxw/src/glxw_wgl.c">
			<Option compilerVar="CC" />
			<Option target="Win32-Debug" />
			<Option target="Win32-Release" />
		</Unit>
		<Unit filename="../../libs/stb_image/stb_image.c">
			<Option compilerVar="CC" />
		</Unit>
		<Unit filename="../../libs/stb_image/stb_image.h" />
		<Unit filename="../../src/application/application.cpp" />
		<Unit filename="../../src/application/application.h" />
		<Unit filename="../../src/application/window.cpp" />
		<Unit filename="../../src/application/window.h" />
		<Unit filename="../../src/gui/font.h" />
		<Unit filename="../../src/gui/font_renderer.cpp" />
		<Unit filename="../../src/gui/font_renderer.h" />
		<Unit filename="../../src/gui/gui_button.cpp" />
		<Unit filename="../../src/gui/gui_button.h" />
		<Unit filename="../../src/gui/gui_checkbox.cpp" />
		<Unit filename="../../src/gui/gui_checkbox.h" />
		<Unit filename="../../src/gui/gui_edit_box.cpp" />
		<Unit filename="../../src/gui/gui_edit_box.h" />
		<Unit filename="../../src/gui/gui_element.cpp" />
		<Unit filename="../../src/gui/gui_element.h" />
		<Unit filename="../../src/gui/gui_environment.cpp" />
		<Unit filename="../../src/gui/gui_environment.h" />
		<Unit filename="../../src/gui/gui_event.h" />
		<Unit filename="../../src/gui/gui_event_listener.h" />
		<Unit filename="../../src/gui/gui_image.cpp" />
		<Unit filename="../../src/gui/gui_image.h" />
		<Unit filename="../../src/gui/gui_pane.cpp" />
		<Unit filename="../../src/gui/gui_pane.h" />
		<Unit filename="../../src/gui/gui_skin.cpp" />
		<Unit filename="../../src/gui/gui_skin.h" />
		<Unit filename="../../src/gui/gui_slider.cpp" />
		<Unit filename="../../src/gui/gui_slider.h" />
		<Unit filename="../../src/gui/gui_static_text.cpp" />
		<Unit filename="../../src/gui/gui_static_text.h" />
		<Unit filename="../../src/gui/gui_test_element.h" />
		<Unit filename="../../src/gui/gui_window.cpp" />
		<Unit filename="../../src/gui/gui_window.h" />
		<Unit filename="../../src/gui/input_handler.cpp" />
		<Unit filename="../../src/gui/input_handler.h" />
		<Unit filename="../../src/gui/toggle_group.h" />
		<Unit filename="../../src/main.cpp" />
		<Unit filename="../../src/math/rect2d.h" />
		<Unit filename="../../src/math/util.h" />
		<Unit filename="../../src/network/network_manager_win32.cpp" />
		<Unit filename="../../src/network/network_manager_win32.h" />
		<Unit filename="../../src/opengl/buffer_object.cpp" />
		<Unit filename="../../src/opengl/buffer_object.h" />
		<Unit filename="../../src/opengl/frame_buffer_object.cpp" />
		<Unit filename="../../src/opengl/frame_buffer_object.h" />
		<Unit filename="../../src/opengl/gl_object.cpp" />
		<Unit filename="../../src/opengl/gl_object.h" />
		<Unit filename="../../src/opengl/ibuffer_object.cpp" />
		<Unit filename="../../src/opengl/ibuffer_object.h" />
		<Unit filename="../../src/opengl/mesh.cpp" />
		<Unit filename="../../src/opengl/mesh.h" />
		<Unit filename="../../src/opengl/opengl_util.cpp" />
		<Unit filename="../../src/opengl/opengl_util.h" />
		<Unit filename="../../src/opengl/quad.h" />
		<Unit filename="../../src/opengl/render_buffer_object.cpp" />
		<Unit filename="../../src/opengl/render_buffer_object.h" />
		<Unit filename="../../src/opengl/shader.h" />
		<Unit filename="../../src/opengl/sliced_gui_quad.h" />
		<Unit filename="../../src/opengl/texture.cpp" />
		<Unit filename="../../src/opengl/texture.h" />
		<Unit filename="../../src/precomp.h">
			<Option compile="1" />
			<Option weight="0" />
		</Unit>
		<Unit filename="../../src/resources/iimage_loader.cpp" />
		<Unit filename="../../src/resources/iimage_loader.h" />
		<Unit filename="../../src/resources/image.cpp" />
		<Unit filename="../../src/resources/image.h" />
		<Unit filename="../../src/resources/image_loader.cpp" />
		<Unit filename="../../src/resources/image_loader.h" />
		<Unit filename="../../src/resources/imesh_loader.cpp" />
		<Unit filename="../../src/resources/imesh_loader.h" />
		<Unit filename="../../src/resources/iqm.h" />
		<Unit filename="../../src/resources/iqmloader.cpp" />
		<Unit filename="../../src/resources/iqmloader.h" />
		<Unit filename="../../src/resources/mesh_loader.cpp" />
		<Unit filename="../../src/resources/mesh_loader.h" />
		<Unit filename="../../src/resources/png_loader.cpp" />
		<Unit filename="../../src/resources/png_loader.h" />
		<Unit filename="../../src/resources/resource_cache.h" />
		<Unit filename="../../src/resources/shader_loader.cpp" />
		<Unit filename="../../src/resources/shader_loader.h" />
		<Unit filename="../../src/resources/tgaloader.cpp" />
		<Unit filename="../../src/resources/tgaloader.h" />
		<Unit filename="../../src/scenegraph/isg_object.cpp" />
		<Unit filename="../../src/scenegraph/isg_object.h" />
		<Unit filename="../../src/scenegraph/isg_render_queue.cpp" />
		<Unit filename="../../src/scenegraph/isg_render_queue.h" />
		<Unit filename="../../src/scenegraph/scenegraph.cpp" />
		<Unit filename="../../src/scenegraph/scenegraph.h" />
		<Unit filename="../../src/scenegraph/sg_aabb.cpp" />
		<Unit filename="../../src/scenegraph/sg_aabb.h" />
		<Unit filename="../../src/scenegraph/sg_aabb_wireframe_object.cpp" />
		<Unit filename="../../src/scenegraph/sg_aabb_wireframe_object.h" />
		<Unit filename="../../src/scenegraph/sg_camera_object.cpp" />
		<Unit filename="../../src/scenegraph/sg_camera_object.h" />
		<Unit filename="../../src/scenegraph/sg_default_render_queue.cpp" />
		<Unit filename="../../src/scenegraph/sg_default_render_queue.h" />
		<Unit filename="../../src/scenegraph/sg_graphics_manager.cpp" />
		<Unit filename="../../src/scenegraph/sg_graphics_manager.h" />
		<Unit filename="../../src/scenegraph/sg_light_object.cpp" />
		<Unit filename="../../src/scenegraph/sg_light_object.h" />
		<Unit filename="../../src/scenegraph/sg_line_object.cpp" />
		<Unit filename="../../src/scenegraph/sg_line_object.h" />
		<Unit filename="../../src/scenegraph/sg_material.cpp" />
		<Unit filename="../../src/scenegraph/sg_material.h" />
		<Unit filename="../../src/scenegraph/sg_material_types.h" />
		<Unit filename="../../src/scenegraph/sg_mesh_object.cpp" />
		<Unit filename="../../src/scenegraph/sg_mesh_object.h" />
		<Unit filename="../../src/scenegraph/sg_mvar.cpp" />
		<Unit filename="../../src/scenegraph/sg_mvar.h" />
		<Unit filename="../../src/scenegraph/sg_object_types.h" />
		<Unit filename="../../src/scenegraph/sg_objects.h" />
		<Unit filename="../../src/scenegraph/sg_quad.cpp" />
		<Unit filename="../../src/scenegraph/sg_quad.h" />
		<Unit filename="../../src/scenegraph/sg_scenegraph_loader.cpp" />
		<Unit filename="../../src/scenegraph/sg_scenegraph_loader.h" />
		<Unit filename="../../src/scenegraph/sg_shared_mat_vars.cpp" />
		<Unit filename="../../src/scenegraph/sg_shared_mat_vars.h" />
		<Unit filename="../../src/scenegraph/sg_skybox_object.cpp" />
		<Unit filename="../../src/scenegraph/sg_skybox_object.h" />
		<Unit filename="../../src/scenegraph/sg_sprite.cpp" />
		<Unit filename="../../src/scenegraph/sg_sprite.h" />
		<Unit filename="../../src/tests/game/app_context.h" />
		<Unit filename="../../src/tests/game/baigiamasis_quadcopter.cpp" />
		<Unit filename="../../src/tests/game/baigiamasis_quadcopter.h" />
		<Unit filename="../../src/tests/game/game_data.h" />
		<Unit filename="../../src/tests/game/physics/Physics.h" />
		<Unit filename="../../src/tests/game/physics/cmotion_state.h" />
		<Unit filename="../../src/tests/game/physics/icollision_handler.cpp" />
		<Unit filename="../../src/tests/game/physics/icollision_handler.h" />
		<Unit filename="../../src/tests/game/physics/physics_manager.cpp" />
		<Unit filename="../../src/tests/game/physics/physics_manager.h" />
		<Unit filename="../../src/tests/game/quadcopter.cpp" />
		<Unit filename="../../src/tests/game/quadcopter.h" />
		<Unit filename="../../src/tests/game/states/game_state.h" />
		<Unit filename="../../src/tests/game/states/menu_state.cpp" />
		<Unit filename="../../src/tests/game/states/menu_state.h" />
		<Unit filename="../../src/tests/game/states/play_state.cpp" />
		<Unit filename="../../src/tests/game/states/state_manager.cpp" />
		<Unit filename="../../src/tests/game/states/state_manager.h" />
		<Unit filename="../../src/tests/game/states/wait_for_connection_state.h" />
		<Unit filename="../../src/tests/game/test_game.cpp" />
		<Unit filename="../../src/tests/game/test_game.h" />
		<Unit filename="../../src/tests/gui_and_fonts_application.cpp" />
		<Unit filename="../../src/tests/gui_and_fonts_application.h" />
		<Unit filename="../../src/tests/kursinis/Objektas.cpp" />
		<Unit filename="../../src/tests/kursinis/Objektas.h" />
		<Unit filename="../../src/tests/kursinis/test_kursinis.cpp" />
		<Unit filename="../../src/tests/kursinis/test_kursinis.h" />
		<Unit filename="../../src/tests/tinyxml_test_application.cpp" />
		<Unit filename="../../src/tests/tinyxml_test_application.h" />
		<Unit filename="../../src/utility/bit.h" />
		<Unit filename="../../src/utility/helpers.h" />
		<Unit filename="../../src/utility/logger.cpp" />
		<Unit filename="../../src/utility/logger.h" />
		<Unit filename="../../src/utility/timer.cpp" />
		<Unit filename="../../src/utility/timer.h" />
		<Extensions>
			<envvars />
			<code_completion />
			<debugger />
			<lib_finder disable_auto="1" />
			<DoxyBlocks>
				<comment_style block="0" line="0" />
				<doxyfile_project />
				<doxyfile_build />
				<doxyfile_warnings />
				<doxyfile_output />
				<doxyfile_dot />
				<general />
			</DoxyBlocks>
		</Extensions>
	</Project>
</CodeBlocks_project_file>
