<?xml version="1.0" encoding="UTF-8" standalone="yes" ?>
<CodeBlocks_project_file>
	<FileVersion major="1" minor="6" />
	<Project>
		<Option title="ZombieGame" />
		<Option compiler="gcc" />
		<Build>
			<Target title="Linux-Debug">
				<Option output="../../bin/Debug/ZombieGame" prefix_auto="1" extension_auto="1" />
				<Option working_dir="../../bin/Debug" />
				<Option object_output="../../bin/Debug" />
				<Option type="1" />
				<Option compiler="gcc" />
				<Compiler>
					<Add option="-std=c++11" />
					<Add option="-g" />
					<Add option="-DDEBUG" />
					<Add directory="src/applications/material_test" />
					<Add directory="src/Voxel" />
					<Add directory="src/application" />
					<Add directory="include" />
					<Add directory="src/voxel_octree" />
					<Add directory="src/opengl" />
					<Add directory="src/gui/custom_elements" />
				</Compiler>
				<Linker>
					<Add library="dl" />
					<Add library="pthread" />
					<Add library="Xext" />
					<Add library="X11" />
					<Add library="GL" />
					<Add library="Xxf86vm" />
					<Add library="Xrandr" />
					<Add library="Xi" />
					<Add library="glfw3" />
					<Add library="physfs" />
					<Add library="tinyxml2" />
					<Add library="sigc-2.0" />
					<Add library="freetype" />
					<Add directory="../../libs/libsigc++/lib/linux" />
					<Add directory="../../libs/bullet/lib/linux" />
				</Linker>
			</Target>
			<Target title="(UNUSED)Release">
				<Option output="bin/Release/ZombieGame" prefix_auto="1" extension_auto="1" />
				<Option object_output="obj/Release/" />
				<Option type="1" />
				<Option compiler="gcc" />
				<Compiler>
					<Add option="-O2" />
					<Add option="-DRELEASE" />
					<Add directory="src/applications/material_test" />
					<Add directory="src/Voxel" />
					<Add directory="src/application" />
					<Add directory="include" />
					<Add directory="src/voxel_octree" />
					<Add directory="src/opengl" />
					<Add directory="src/gui/custom_elements" />
				</Compiler>
				<Linker>
					<Add option="-s" />
				</Linker>
			</Target>
			<Target title="Win32-Debug">
				<Option output="../../bin/Debug/ZombieGame" prefix_auto="1" extension_auto="1" />
				<Option working_dir="../../bin/Debug" />
				<Option object_output="../../bin/Debug" />
				<Option type="1" />
				<Option compiler="gcc" />
				<Compiler>
					<Add option="-g" />
					<Add option="-DDEBUG" />
					<Add directory="src/applications/material_test" />
					<Add directory="src/Voxel" />
					<Add directory="src/application" />
					<Add directory="include" />
					<Add directory="src/voxel_octree" />
					<Add directory="src/opengl" />
					<Add directory="src/gui/custom_elements" />
				</Compiler>
				<Linker>
					<Add library="glfw3" />
					<Add library="opengl32" />
					<Add library="glu32" />
					<Add library="gdi32" />
					<Add library="physfs" />
					<Add library="freetype" />
					<Add library="tinyxml2_lib" />
					<Add library="libsigc++.a" />
					<Add library="jsoncpp" />
					<Add library="libglxw" />
					<Add library="libstb_image_lib" />
					<Add library="boost_container-mgw48-mt-1_56" />
					<Add directory="../../libs/win32" />
				</Linker>
				<ExtraCommands>
					<Add after='xcopy /y &quot;..\..\libs\irrKlang-1.5.0\dll\irrKlang.dll&quot; &quot;$(TARGET_OUTPUT_DIR)&quot;' />
				</ExtraCommands>
			</Target>
			<Target title="Win32-Release">
				<Option output="../../bin/Release/ZombieGame" prefix_auto="1" extension_auto="1" />
				<Option working_dir="../../bin/Release" />
				<Option object_output="../../bin/Release" />
				<Option type="1" />
				<Option compiler="gcc" />
				<Compiler>
					<Add option="-O3" />
					<Add option="-std=c++11" />
					<Add option="-DRELEASE" />
					<Add directory="src/applications/material_test" />
					<Add directory="src/Voxel" />
					<Add directory="src/application" />
					<Add directory="include" />
					<Add directory="src/voxel_octree" />
					<Add directory="src/opengl" />
					<Add directory="src/gui/custom_elements" />
				</Compiler>
				<Linker>
					<Add option="-static-libgcc -static-libstdc++ -static" />
					<Add library="glfw3" />
					<Add library="opengl32" />
					<Add library="glu32" />
					<Add library="gdi32" />
					<Add library="physfs" />
					<Add library="freetype" />
					<Add library="tinyxml2_lib" />
					<Add library="libsigc++.a" />
					<Add library="jsoncpp" />
					<Add library="libglxw" />
					<Add library="libstb_image_lib" />
					<Add library="boost_container-mgw48-mt-1_56" />
					<Add directory="../../libs/win32" />
				</Linker>
				<ExtraCommands>
					<Add after='xcopy /y &quot;..\..\libs\irrKlang-1.5.0\dll\irrKlang.dll&quot; &quot;$(TARGET_OUTPUT_DIR)&quot;' />
					<Add after='xcopy /y &quot;..\..\res&quot; &quot;$(TARGET_OUTPUT_DIR)res\&quot; /E' />
					<Mode after="always" />
				</ExtraCommands>
			</Target>
			<Target title="Win32-Profile">
				<Option output="../../bin/Debug/ZombieGame" prefix_auto="1" extension_auto="1" />
				<Option working_dir="../../bin/Debug" />
				<Option object_output="../../bin/Debug" />
				<Option type="1" />
				<Option compiler="gcc" />
				<Compiler>
					<Add option="-pg" />
					<Add option="-g" />
					<Add option="-DDEBUG" />
					<Add directory="src/applications/material_test" />
					<Add directory="src/Voxel" />
					<Add directory="src/application" />
					<Add directory="include" />
					<Add directory="src/voxel_octree" />
					<Add directory="src/opengl" />
					<Add directory="src/gui/custom_elements" />
				</Compiler>
				<Linker>
					<Add option="-pg -lgmon" />
					<Add library="glfw3" />
					<Add library="opengl32" />
					<Add library="glu32" />
					<Add library="gdi32" />
					<Add library="physfs" />
					<Add library="freetype" />
					<Add library="tinyxml2_lib" />
					<Add library="libsigc++.a" />
					<Add library="jsoncpp" />
					<Add library="libglxw" />
					<Add library="libstb_image_lib" />
					<Add library="boost_container-mgw48-mt-1_56" />
					<Add directory="../../libs/win32" />
				</Linker>
				<ExtraCommands>
					<Add after='xcopy /y &quot;..\..\libs\irrKlang-1.5.0\dll\irrKlang.dll&quot; &quot;$(TARGET_OUTPUT_DIR)&quot;' />
				</ExtraCommands>
			</Target>
		</Build>
		<Compiler>
			<Add option="-Wall" />
			<Add option="-std=c++11" />
			<Add option="-DGL3_PROTOTYPES" />
			<Add directory="../../src" />
			<Add directory="../../src/math" />
			<Add directory="../../libs/bullet/src" />
			<Add directory="../../libs/glfw/include" />
			<Add directory="../../libs/glm" />
			<Add directory="../../libs/glxw/include" />
			<Add directory="../../libs/glxw/src" />
			<Add directory="../../libs/physfs" />
			<Add directory="../../libs/stb_image" />
			<Add directory="../../libs/freetype/include" />
			<Add directory="../../libs/libsigc++" />
			<Add directory="../../libs/tinyxml2/src" />
			<Add directory="../../libs/jsoncpp/include/json" />
			<Add directory="../../libs/boost" />
		</Compiler>
		<Linker>
			<Add option="-static-libgcc" />
			<Add option="-static-libstdc++" />
			<Add option="-static" />
		</Linker>
		<Unit filename="../../src/Config.h" />
		<Unit filename="../../src/Voxel/Block.cpp" />
		<Unit filename="../../src/Voxel/Block.h" />
		<Unit filename="../../src/Voxel/Chunk.cpp" />
		<Unit filename="../../src/Voxel/Chunk.h" />
		<Unit filename="../../src/Voxel/ChunkManager.cpp" />
		<Unit filename="../../src/Voxel/ChunkManager.h" />
		<Unit filename="../../src/Voxel/VoxelMesh.cpp" />
		<Unit filename="../../src/Voxel/VoxelMesh.h" />
		<Unit filename="../../src/Voxel/VoxelSprite.cpp" />
		<Unit filename="../../src/Voxel/VoxelSprite.h" />
		<Unit filename="../../src/Voxel/VoxelTypes.cpp" />
		<Unit filename="../../src/Voxel/VoxelTypes.h" />
		<Unit filename="../../src/application/AppContext.h" />
		<Unit filename="../../src/application/Application.cpp" />
		<Unit filename="../../src/application/Application.h" />
		<Unit filename="../../src/application/ApplicationLauncher.cpp" />
		<Unit filename="../../src/application/ApplicationLauncher.h" />
		<Unit filename="../../src/application/window.cpp" />
		<Unit filename="../../src/application/window.h" />
		<Unit filename="../../src/applications/voxel_octree/VoxelOctreeApp.cpp" />
		<Unit filename="../../src/applications/voxel_octree/VoxelOctreeApp.h" />
		<Unit filename="../../src/applications/voxel_octree/VoxelOctreeBenchmarkApp.cpp" />
		<Unit filename="../../src/applications/voxel_octree/VoxelOctreeBenchmarkApp.h" />
		<Unit filename="../../src/applications/voxelz/VoxelzApp.cpp" />
		<Unit filename="../../src/applications/voxelz/VoxelzApp.h" />
		<Unit filename="../../src/applications/voxelz/VoxelzProfilingApp.cpp" />
		<Unit filename="../../src/applications/voxelz/VoxelzProfilingApp.h" />
		<Unit filename="../../src/gui/GUI.h" />
		<Unit filename="../../src/gui/GUIButton.cpp" />
		<Unit filename="../../src/gui/GUIButton.h" />
		<Unit filename="../../src/gui/GUICheckbox.cpp" />
		<Unit filename="../../src/gui/GUICheckbox.h" />
		<Unit filename="../../src/gui/GUIEditBox.cpp" />
		<Unit filename="../../src/gui/GUIEditBox.h" />
		<Unit filename="../../src/gui/GUIElement.cpp" />
		<Unit filename="../../src/gui/GUIElement.h" />
		<Unit filename="../../src/gui/GUIEnvironment.cpp" />
		<Unit filename="../../src/gui/GUIEnvironment.h" />
		<Unit filename="../../src/gui/GUIEvent.h" />
		<Unit filename="../../src/gui/GUIEventListener.h" />
		<Unit filename="../../src/gui/GUIImage.cpp" />
		<Unit filename="../../src/gui/GUIImage.h" />
		<Unit filename="../../src/gui/GUIPane.cpp" />
		<Unit filename="../../src/gui/GUIPane.h" />
		<Unit filename="../../src/gui/GUISkin.cpp" />
		<Unit filename="../../src/gui/GUISkin.h" />
		<Unit filename="../../src/gui/GUISlider.cpp" />
		<Unit filename="../../src/gui/GUISlider.h" />
		<Unit filename="../../src/gui/GUIStaticText.cpp" />
		<Unit filename="../../src/gui/GUIStaticText.h" />
		<Unit filename="../../src/gui/GUITestElement.h" />
		<Unit filename="../../src/gui/GUIWindow.cpp" />
		<Unit filename="../../src/gui/GUIWindow.h" />
		<Unit filename="../../src/gui/custom_elements/GUIColorPicker.cpp" />
		<Unit filename="../../src/gui/custom_elements/GUIColorPicker.h" />
		<Unit filename="../../src/gui/custom_elements/ToggleGroup.h" />
		<Unit filename="../../src/gui/font_rendering/FontRenderer.cpp" />
		<Unit filename="../../src/gui/font_rendering/FontRenderer.h" />
		<Unit filename="../../src/gui/font_rendering/font.h" />
		<Unit filename="../../src/main.cpp" />
		<Unit filename="../../src/opengl/AABB.cpp" />
		<Unit filename="../../src/opengl/AABB.h" />
		<Unit filename="../../src/opengl/BufferObject.cpp" />
		<Unit filename="../../src/opengl/BufferObject.h" />
		<Unit filename="../../src/opengl/CubeMesh.cpp" />
		<Unit filename="../../src/opengl/CubeMesh.h" />
		<Unit filename="../../src/opengl/FrameBufferObject.cpp" />
		<Unit filename="../../src/opengl/FrameBufferObject.h" />
		<Unit filename="../../src/opengl/GLObject.cpp" />
		<Unit filename="../../src/opengl/GLObject.h" />
		<Unit filename="../../src/opengl/GridMesh.h" />
		<Unit filename="../../src/opengl/IBufferObject.cpp" />
		<Unit filename="../../src/opengl/IBufferObject.h" />
		<Unit filename="../../src/opengl/MVar.cpp" />
		<Unit filename="../../src/opengl/MVar.h" />
		<Unit filename="../../src/opengl/Material.cpp" />
		<Unit filename="../../src/opengl/Material.h" />
		<Unit filename="../../src/opengl/OpenGLUtil.cpp" />
		<Unit filename="../../src/opengl/OpenGLUtil.h" />
		<Unit filename="../../src/opengl/RenderBufferObject.cpp" />
		<Unit filename="../../src/opengl/RenderBufferObject.h" />
		<Unit filename="../../src/opengl/SlicedGUIQuad.h" />
		<Unit filename="../../src/opengl/mesh.cpp" />
		<Unit filename="../../src/opengl/mesh.h" />
		<Unit filename="../../src/opengl/quad.h" />
		<Unit filename="../../src/opengl/shader.h" />
		<Unit filename="../../src/opengl/texture.cpp" />
		<Unit filename="../../src/opengl/texture.h" />
		<Unit filename="../../src/precomp.h">
			<Option compile="1" />
			<Option weight="0" />
		</Unit>
		<Unit filename="../../src/resources/IImageLoader.cpp" />
		<Unit filename="../../src/resources/IImageLoader.h" />
		<Unit filename="../../src/resources/IMeshLoader.cpp" />
		<Unit filename="../../src/resources/IMeshLoader.h" />
		<Unit filename="../../src/resources/IQMLoader.cpp" />
		<Unit filename="../../src/resources/IQMLoader.h" />
		<Unit filename="../../src/resources/Image.cpp" />
		<Unit filename="../../src/resources/Image.h" />
		<Unit filename="../../src/resources/ImageLoader.cpp" />
		<Unit filename="../../src/resources/ImageLoader.h" />
		<Unit filename="../../src/resources/MeshLoader.cpp" />
		<Unit filename="../../src/resources/MeshLoader.h" />
		<Unit filename="../../src/resources/PNGLoader.cpp" />
		<Unit filename="../../src/resources/PNGLoader.h" />
		<Unit filename="../../src/resources/ResourceCache.h" />
		<Unit filename="../../src/resources/ShaderLoader.cpp" />
		<Unit filename="../../src/resources/ShaderLoader.h" />
		<Unit filename="../../src/resources/SoundManager.h" />
		<Unit filename="../../src/resources/TGALoader.cpp" />
		<Unit filename="../../src/resources/TGALoader.h" />
		<Unit filename="../../src/resources/iqm.h" />
		<Unit filename="../../src/scenegraph/Camera.cpp" />
		<Unit filename="../../src/scenegraph/Camera.h" />
		<Unit filename="../../src/utility/Box3d.h" />
		<Unit filename="../../src/utility/Plane3d.h" />
		<Unit filename="../../src/utility/SimplexNoise.cpp" />
		<Unit filename="../../src/utility/SimplexNoise.h" />
		<Unit filename="../../src/utility/StringUtil.h" />
		<Unit filename="../../src/utility/bit.h" />
		<Unit filename="../../src/utility/helpers.cpp" />
		<Unit filename="../../src/utility/helpers.h" />
		<Unit filename="../../src/utility/helpers.inl" />
		<Unit filename="../../src/utility/logger.cpp" />
		<Unit filename="../../src/utility/logger.h" />
		<Unit filename="../../src/utility/rect2d.h" />
		<Unit filename="../../src/utility/timer.cpp" />
		<Unit filename="../../src/utility/timer.h" />
		<Unit filename="../../src/utility/util.cpp" />
		<Unit filename="../../src/utility/util.h" />
		<Unit filename="../../src/voxel_octree/Morton.h" />
		<Unit filename="../../src/voxel_octree/MortonOctTree.cpp" />
		<Unit filename="../../src/voxel_octree/MortonOctTree.h" />
		<Unit filename="../../src/voxel_octree/VoxMeshManager.cpp" />
		<Unit filename="../../src/voxel_octree/VoxMeshManager.h" />
		<Extensions>
			<envvars />
			<code_completion />
			<debugger />
			<lib_finder disable_auto="1" />
			<DoxyBlocks>
				<comment_style block="0" line="0" />
				<doxyfile_project />
				<doxyfile_build />
				<doxyfile_warnings />
				<doxyfile_output />
				<doxyfile_dot />
				<general />
			</DoxyBlocks>
		</Extensions>
	</Project>
</CodeBlocks_project_file>
