<?xml version="1.0" encoding="UTF-8" standalone="yes" ?>
<CodeBlocks_project_file>
	<FileVersion major="1" minor="6" />
	<Project>
		<Option title="VoxelZ" />
		<Option pch_mode="2" />
		<Option compiler="gcc" />
		<Build>
			<Target title="Debug">
				<Option output="../../../../bin/Debug/VoxelZ" prefix_auto="1" extension_auto="1" />
				<Option working_dir="../../../../bin/Debug" />
				<Option object_output="../../../../bin/obj/Debug/" />
				<Option type="1" />
				<Option compiler="gcc" />
				<Option projectLinkerOptionsRelation="2" />
				<Compiler>
					<Add option="-g" />
					<Add directory="src/engine/application" />
					<Add directory="src/applications/voxelz" />
					<Add directory="src/applications/voxelz/game" />
				</Compiler>
				<Linker>
					<Add library="engined" />
					<Add library="boost_system-mgw49-mt-1_57" />
					<Add directory="../../../../libs/windows" />
				</Linker>
			</Target>
			<Target title="Release">
				<Option output="../../../../bin/Release/VoxelZ" prefix_auto="1" extension_auto="1" />
				<Option working_dir="../../../../bin/Release/" />
				<Option object_output="../../../../bin/obj/Release/" />
				<Option type="1" />
				<Option compiler="gcc" />
				<Option projectLinkerOptionsRelation="2" />
				<Compiler>
					<Add option="-O3" />
					<Add directory="src/engine/application" />
					<Add directory="src/applications/voxelz" />
					<Add directory="src/applications/voxelz/game" />
				</Compiler>
				<Linker>
					<Add option="-s" />
					<Add library="engine" />
					<Add library="boost_system-mgw49-mt-1_57" />
					<Add directory="../../../../libs/windows" />
				</Linker>
			</Target>
			<Target title="Debug Linux">
				<Option output="../../../../bin/DebugLinux/VoxelZ" prefix_auto="1" extension_auto="1" />
				<Option working_dir="../../../../bin/DebugLinux" />
				<Option object_output="../../../../bin/obj/DebugLinux/" />
				<Option type="1" />
				<Option compiler="gcc" />
				<Option projectLinkerOptionsRelation="2" />
				<Compiler>
					<Add option="-g" />
					<Add directory="src/engine/application" />
					<Add directory="src/applications/voxelz" />
					<Add directory="src/applications/voxelz/game" />
				</Compiler>
				<Linker>
					<Add library="engined" />
					<Add library="libglfw3" />
					<Add library="X11" />
					<Add library="GL" />
					<Add library="GLU" />
					<Add library="Xrandr" />
					<Add library="Xcursor" />
					<Add library="Xxf86vm" />
					<Add library="Xi" />
					<Add library="dl" />
					<Add library="pthread" />
					<Add library="glxw_glx" />
					<Add library="glxw" />
					<Add library="libfreetype.a" />
					<Add library="libsigc++.a" />
					<Add library="physfs" />
					<Add library="z" />
					<Add library="tinyxml2_lib" />
					<Add library="stb_image_lib" />
					<Add library="boost_system" />
					<Add library="BulletDynamics" />
					<Add library="BulletCollision" />
					<Add library="LinearMath" />
					<Add directory="../../../../libs/linux" />
				</Linker>
			</Target>
			<Target title="Release Linux">
				<Option output="../../../../bin/ReleaseLinux/VoxelZ" prefix_auto="1" extension_auto="1" />
				<Option working_dir="../../../../bin/ReleaseLinux" />
				<Option object_output="../../../../bin/obj/ReleaseLinux/" />
				<Option type="1" />
				<Option compiler="gcc" />
				<Option projectLinkerOptionsRelation="2" />
				<Compiler>
					<Add option="-O3" />
					<Add directory="src/engine/application" />
					<Add directory="src/applications/voxelz" />
					<Add directory="src/applications/voxelz/game" />
				</Compiler>
				<Linker>
					<Add option="-s" />
					<Add library="engine" />
					<Add library="libglfw3" />
					<Add library="X11" />
					<Add library="GL" />
					<Add library="GLU" />
					<Add library="Xrandr" />
					<Add library="Xcursor" />
					<Add library="Xxf86vm" />
					<Add library="Xi" />
					<Add library="dl" />
					<Add library="pthread" />
					<Add library="glxw_glx" />
					<Add library="glxw" />
					<Add library="libfreetype.a" />
					<Add library="libsigc++.a" />
					<Add library="physfs" />
					<Add library="z" />
					<Add library="tinyxml2_lib" />
					<Add library="stb_image_lib" />
					<Add library="boost_system" />
					<Add library="BulletDynamics" />
					<Add library="BulletCollision" />
					<Add library="LinearMath" />
					<Add directory="../../../../libs/linux" />
				</Linker>
			</Target>
		</Build>
		<Compiler>
			<Add option="-std=c++11" />
			<Add directory="../../../../src/engine" />
			<Add directory="../../../../src/applications/voxelz" />
			<Add directory="../../../../libs/boost" />
			<Add directory="../../../../libs/freetype2/include" />
			<Add directory="../../../../libs/glfw/include" />
			<Add directory="../../../../libs/glm" />
			<Add directory="../../../../libs/glxw/include" />
			<Add directory="../../../../libs/jsoncpp/include" />
			<Add directory="../../../../libs/libsigc++" />
			<Add directory="../../../../libs/physfs" />
			<Add directory="../../../../libs/stb_image" />
			<Add directory="../../../../libs/tinyxml2/src" />
			<Add directory="../../../../libs/bullet/src" />
		</Compiler>
		<ResourceCompiler>
			<Add directory="../../../../res" />
		</ResourceCompiler>
		<Unit filename="../../../../src/applications/voxelz/TemplateApp.cpp" />
		<Unit filename="../../../../src/applications/voxelz/TemplateApp.h" />
		<Unit filename="../../../../src/applications/voxelz/VoxMeshEditorApp.cpp" />
		<Unit filename="../../../../src/applications/voxelz/VoxMeshEditorApp.h" />
		<Unit filename="../../../../src/applications/voxelz/VoxMeshGrid.h" />
		<Unit filename="../../../../src/applications/voxelz/Voxel/Block.h" />
		<Unit filename="../../../../src/applications/voxelz/Voxel/Chunk.cpp" />
		<Unit filename="../../../../src/applications/voxelz/Voxel/Chunk.h" />
		<Unit filename="../../../../src/applications/voxelz/Voxel/ChunkManager.cpp" />
		<Unit filename="../../../../src/applications/voxelz/Voxel/ChunkManager.h" />
		<Unit filename="../../../../src/applications/voxelz/Voxel/GreedyMeshBuilder.cpp" />
		<Unit filename="../../../../src/applications/voxelz/Voxel/GreedyMeshBuilder.h" />
		<Unit filename="../../../../src/applications/voxelz/Voxel/SimplexNoise.cpp" />
		<Unit filename="../../../../src/applications/voxelz/Voxel/SimplexNoise.h" />
		<Unit filename="../../../../src/applications/voxelz/Voxel/SuperChunk.h" />
		<Unit filename="../../../../src/applications/voxelz/Voxel/Voxel.h" />
		<Unit filename="../../../../src/applications/voxelz/Voxel/VoxelMesh.cpp" />
		<Unit filename="../../../../src/applications/voxelz/Voxel/VoxelMesh.h" />
		<Unit filename="../../../../src/applications/voxelz/Voxel/VoxelSprite.cpp" />
		<Unit filename="../../../../src/applications/voxelz/Voxel/VoxelSprite.h" />
		<Unit filename="../../../../src/applications/voxelz/Voxel/VoxelTypes.cpp" />
		<Unit filename="../../../../src/applications/voxelz/Voxel/VoxelTypes.h" />
		<Unit filename="../../../../src/applications/voxelz/VoxelzApp.cpp" />
		<Unit filename="../../../../src/applications/voxelz/VoxelzApp.h" />
		<Unit filename="../../../../src/applications/voxelz/VoxelzProfilingApp.cpp" />
		<Unit filename="../../../../src/applications/voxelz/VoxelzProfilingApp.h" />
		<Unit filename="../../../../src/applications/voxelz/game/Entity.h" />
		<Unit filename="../../../../src/applications/voxelz/game/ParticleSystem.cpp" />
		<Unit filename="../../../../src/applications/voxelz/game/ParticleSystem.h" />
		<Unit filename="../../../../src/applications/voxelz/main.cpp" />
		<Unit filename="../../../../src/applications/voxelz/physics/Physics.h" />
		<Unit filename="../../../../src/applications/voxelz/physics/cmotion_state.h" />
		<Unit filename="../../../../src/applications/voxelz/physics/icollision_handler.cpp">
			<Option compile="0" />
			<Option link="0" />
		</Unit>
		<Unit filename="../../../../src/applications/voxelz/physics/icollision_handler.h" />
		<Unit filename="../../../../src/applications/voxelz/physics/physics_manager.cpp">
			<Option compile="0" />
			<Option link="0" />
		</Unit>
		<Unit filename="../../../../src/applications/voxelz/physics/physics_manager.h" />
		<Unit filename="../../../../src/applications/voxelz/resources.rc">
			<Option compilerVar="WINDRES" />
		</Unit>
		<Extensions>
			<code_completion />
			<envvars />
			<debugger />
			<lib_finder disable_auto="1" />
		</Extensions>
	</Project>
</CodeBlocks_project_file>
