<?xml version="1.0" encoding="UTF-8" standalone="yes" ?>
<CodeBlocks_project_file>
	<FileVersion major="1" minor="6" />
	<Project>
		<Option title="VoxelZ" />
		<Option pch_mode="2" />
		<Option compiler="gcc" />
		<Build>
			<Target title="Debug">
				<Option output="../../../../bin/Debug/VoxelZ" prefix_auto="1" extension_auto="1" />
				<Option working_dir="../../../../bin/Debug" />
				<Option object_output="../../../../bin/obj/Debug/" />
				<Option type="1" />
				<Option compiler="gcc" />
				<Compiler>
					<Add option="-g" />
				</Compiler>
				<Linker>
					<Add option="-static-libgcc -static-libstdc++ -static" />
				</Linker>
			</Target>
			<Target title="Release">
				<Option output="../../../../bin/Release/VoxelZ" prefix_auto="1" extension_auto="1" />
				<Option working_dir="../../../../bin/Release/" />
				<Option object_output="../../../../bin/obj/Release/" />
				<Option type="1" />
				<Option compiler="gcc" />
				<Compiler>
					<Add option="-O2" />
				</Compiler>
				<Linker>
					<Add option="-s" />
				</Linker>
			</Target>
		</Build>
		<Compiler>
			<Add option="-Wall" />
			<Add option="-std=c++11" />
			<Add directory="../../../../src/engine" />
			<Add directory="../../../../src/applications/voxelz" />
			<Add directory="../../../../libs/boost" />
			<Add directory="../../../../libs/freetype/include" />
			<Add directory="../../../../libs/glfw/include" />
			<Add directory="../../../../libs/glm" />
			<Add directory="../../../../libs/glxw/include" />
			<Add directory="../../../../libs/jsoncpp/include" />
			<Add directory="../../../../libs/libsigc++" />
			<Add directory="../../../../libs/physfs" />
			<Add directory="../../../../libs/stb_image" />
			<Add directory="../../../../libs/tinyxml2" />
		</Compiler>
		<Linker>
			<Add library="engine-static-debug" />
			<Add library="glfw3" />
			<Add library="opengl32" />
			<Add library="glu32" />
			<Add library="gdi32" />
			<Add library="libphysfs.a" />
			<Add library="freetype" />
			<Add library="tinyxml2_lib" />
			<Add library="sigc++" />
			<Add library="jsoncpp" />
			<Add library="glxw" />
			<Add library="stb_image_lib" />
			<Add library="boost_container-mgw48-mt-1_56" />
			<Add directory="../../../../libs/win32" />
		</Linker>
		<Unit filename="../../../../src/applications/voxelz/Voxel/Block.cpp" />
		<Unit filename="../../../../src/applications/voxelz/Voxel/Block.h" />
		<Unit filename="../../../../src/applications/voxelz/Voxel/Chunk.cpp" />
		<Unit filename="../../../../src/applications/voxelz/Voxel/Chunk.h" />
		<Unit filename="../../../../src/applications/voxelz/Voxel/ChunkManager.cpp" />
		<Unit filename="../../../../src/applications/voxelz/Voxel/ChunkManager.h" />
		<Unit filename="../../../../src/applications/voxelz/Voxel/SimplexNoise.cpp" />
		<Unit filename="../../../../src/applications/voxelz/Voxel/SimplexNoise.h" />
		<Unit filename="../../../../src/applications/voxelz/Voxel/Voxel.h" />
		<Unit filename="../../../../src/applications/voxelz/Voxel/VoxelMesh.cpp" />
		<Unit filename="../../../../src/applications/voxelz/Voxel/VoxelMesh.h" />
		<Unit filename="../../../../src/applications/voxelz/Voxel/VoxelSprite.cpp" />
		<Unit filename="../../../../src/applications/voxelz/Voxel/VoxelSprite.h" />
		<Unit filename="../../../../src/applications/voxelz/Voxel/VoxelTypes.cpp" />
		<Unit filename="../../../../src/applications/voxelz/Voxel/VoxelTypes.h" />
		<Unit filename="../../../../src/applications/voxelz/VoxelzApp.cpp" />
		<Unit filename="../../../../src/applications/voxelz/VoxelzApp.h" />
		<Unit filename="../../../../src/applications/voxelz/VoxelzProfilingApp.cpp" />
		<Unit filename="../../../../src/applications/voxelz/VoxelzProfilingApp.h" />
		<Unit filename="../../../../src/applications/voxelz/main.cpp" />
		<Extensions>
			<code_completion />
			<envvars />
			<debugger />
			<lib_finder disable_auto="1" />
		</Extensions>
	</Project>
</CodeBlocks_project_file>
