<?xml version="1.0" encoding="UTF-8" standalone="yes" ?>
<CodeBlocks_project_file>
	<FileVersion major="1" minor="6" />
	<Project>
		<Option title="Engine" />
		<Option pch_mode="2" />
		<Option compiler="gcc" />
		<Build>
			<Target title="Debug">
				<Option output="../../../../libs/windows/engined" imp_lib="$(TARGET_OUTPUT_DIR)$(TARGET_OUTPUT_BASENAME).a" def_file="$(TARGET_OUTPUT_DIR)$(TARGET_OUTPUT_BASENAME).def" prefix_auto="1" extension_auto="1" />
				<Option object_output="../../../../bin/objdlldebug" />
				<Option type="3" />
				<Option compiler="gcc" />
				<Option createDefFile="1" />
				<Option createStaticLib="1" />
				<Compiler>
					<Add option="-g" />
				</Compiler>
				<Linker>
					<Add option="-static-libgcc -static-libstdc++ -static" />
					<Add library="glfw3" />
					<Add library="opengl32" />
					<Add library="glu32" />
					<Add library="gdi32" />
					<Add library="libphysfs.a" />
					<Add library="freetype" />
					<Add library="tinyxml2_lib" />
					<Add library="sigc++" />
					<Add library="jsoncpp" />
					<Add library="glxw" />
					<Add library="stb_image_lib" />
					<Add library="libboost_container-mgw49-mt-1_57" />
					<Add directory="../../../../libs/windows" />
				</Linker>
			</Target>
			<Target title="Release">
				<Option output="../../../../libs/windows/engine" imp_lib="$(TARGET_OUTPUT_DIR)$(TARGET_OUTPUT_BASENAME).a" def_file="$(TARGET_OUTPUT_DIR)$(TARGET_OUTPUT_BASENAME).def" prefix_auto="1" extension_auto="1" />
				<Option object_output="../../../../bin/objdllrelease" />
				<Option type="3" />
				<Option compiler="gcc" />
				<Option createDefFile="1" />
				<Option createStaticLib="1" />
				<Compiler>
					<Add option="-fexpensive-optimizations" />
					<Add option="-O3" />
				</Compiler>
				<Linker>
					<Add option="-s" />
					<Add option="-static-libgcc -static-libstdc++ -static" />
					<Add library="glfw3" />
					<Add library="opengl32" />
					<Add library="glu32" />
					<Add library="gdi32" />
					<Add library="libphysfs.a" />
					<Add library="freetype" />
					<Add library="tinyxml2_lib" />
					<Add library="sigc++" />
					<Add library="jsoncpp" />
					<Add library="glxw" />
					<Add library="stb_image_lib" />
					<Add library="libboost_container-mgw49-mt-1_57" />
					<Add directory="../../../../libs/windows" />
				</Linker>
			</Target>
			<Target title="Debug Linux">
				<Option output="../../../../libs/linux/engined" imp_lib="../../../../libs/linux/libengined.a" def_file="../../../../libs/linux/libengined.def" prefix_auto="1" extension_auto="1" />
				<Option object_output="../../../../bin/objsodebug" />
				<Option type="3" />
				<Option compiler="gcc" />
				<Compiler>
					<Add option="-g" />
					<Add option="-fPIC" />
				</Compiler>
				<Linker>
					<Add option="-static-libgcc -static-libstdc++" />
					<Add option="-Wl,-whole-archive" />
					<Add option="-lX11" />
					<Add option="-lGL" />
					<Add option="-lGLU" />
					<Add option="-lXrandr" />
					<Add option="-lXcursor" />
					<Add option="-lXxf86vm" />
					<Add option="-lXi" />
					<Add option="-ldl" />
					<Add option="-lpthread" />
					<Add option="-lz" />
					<Add option="-Wl,-no-whole-archive" />
					<Add directory="../../../../libs/linux" />
				</Linker>
			</Target>
			<Target title="Release Linux">
				<Option output="../../../../libs/linux/engine" imp_lib="../../../../libs/linux/libengined.a" def_file="../../../../libs/linux/libengined.def" prefix_auto="1" extension_auto="1" />
				<Option object_output="../../../../bin/objsorelease" />
				<Option type="3" />
				<Option compiler="gcc" />
				<Compiler>
					<Add option="-O3" />
					<Add option="-fPIC" />
				</Compiler>
				<Linker>
					<Add option="-s" />
					<Add option="-static-libgcc -static-libstdc++" />
					<Add directory="../../../../libs/linux" />
				</Linker>
			</Target>
		</Build>
		<Compiler>
			<Add option="-Wall" />
			<Add option="-std=c++11" />
			<Add directory="../../../../src/engine" />
			<Add directory="../../../../libs/boost" />
			<Add directory="../../../../libs/freetype2/include" />
			<Add directory="../../../../libs/glfw/include" />
			<Add directory="../../../../libs/glm" />
			<Add directory="../../../../libs/glxw/include" />
			<Add directory="../../../../libs/jsoncpp/include" />
			<Add directory="../../../../libs/libsigc++" />
			<Add directory="../../../../libs/physfs" />
			<Add directory="../../../../libs/stb_image" />
			<Add directory="../../../../libs/tinyxml2/src" />
			<Add directory="../../../../libs" />
		</Compiler>
		<Unit filename="../../../../src/engine/Config.h" />
		<Unit filename="../../../../src/engine/Precomp.h">
			<Option compile="1" />
			<Option weight="0" />
		</Unit>
		<Unit filename="../../../../src/engine/application/AppContext.h" />
		<Unit filename="../../../../src/engine/application/Application.cpp" />
		<Unit filename="../../../../src/engine/application/Application.h" />
		<Unit filename="../../../../src/engine/application/ApplicationLauncher.cpp" />
		<Unit filename="../../../../src/engine/application/ApplicationLauncher.h" />
		<Unit filename="../../../../src/engine/application/InputHandler.cpp" />
		<Unit filename="../../../../src/engine/application/InputHandler.h" />
		<Unit filename="../../../../src/engine/application/Window.cpp" />
		<Unit filename="../../../../src/engine/application/Window.h" />
		<Unit filename="../../../../src/engine/core/Var.cpp" />
		<Unit filename="../../../../src/engine/core/Var.h" />
		<Unit filename="../../../../src/engine/core/VarGroup.cpp" />
		<Unit filename="../../../../src/engine/core/VarGroup.h" />
		<Unit filename="../../../../src/engine/core/VarJsonReader.cpp" />
		<Unit filename="../../../../src/engine/core/VarJsonReader.h" />
		<Unit filename="../../../../src/engine/gui/GUI.h" />
		<Unit filename="../../../../src/engine/gui/GUIButton.cpp" />
		<Unit filename="../../../../src/engine/gui/GUIButton.h" />
		<Unit filename="../../../../src/engine/gui/GUICheckbox.cpp" />
		<Unit filename="../../../../src/engine/gui/GUICheckbox.h" />
		<Unit filename="../../../../src/engine/gui/GUIEditBox.cpp" />
		<Unit filename="../../../../src/engine/gui/GUIEditBox.h" />
		<Unit filename="../../../../src/engine/gui/GUIElement.cpp" />
		<Unit filename="../../../../src/engine/gui/GUIElement.h" />
		<Unit filename="../../../../src/engine/gui/GUIEnvironment.cpp" />
		<Unit filename="../../../../src/engine/gui/GUIEnvironment.h" />
		<Unit filename="../../../../src/engine/gui/GUIEvent.h" />
		<Unit filename="../../../../src/engine/gui/GUIEventListener.h" />
		<Unit filename="../../../../src/engine/gui/GUIImage.cpp" />
		<Unit filename="../../../../src/engine/gui/GUIImage.h" />
		<Unit filename="../../../../src/engine/gui/GUIPane.cpp" />
		<Unit filename="../../../../src/engine/gui/GUIPane.h" />
		<Unit filename="../../../../src/engine/gui/GUISkin.cpp" />
		<Unit filename="../../../../src/engine/gui/GUISkin.h" />
		<Unit filename="../../../../src/engine/gui/GUISlider.cpp" />
		<Unit filename="../../../../src/engine/gui/GUISlider.h" />
		<Unit filename="../../../../src/engine/gui/GUIStaticText.cpp" />
		<Unit filename="../../../../src/engine/gui/GUIStaticText.h" />
		<Unit filename="../../../../src/engine/gui/GUITestElement.h" />
		<Unit filename="../../../../src/engine/gui/GUIWindow.cpp" />
		<Unit filename="../../../../src/engine/gui/GUIWindow.h" />
		<Unit filename="../../../../src/engine/gui/custom_elements/GUIColorPicker.cpp" />
		<Unit filename="../../../../src/engine/gui/custom_elements/GUIColorPicker.h" />
		<Unit filename="../../../../src/engine/gui/custom_elements/ToggleGroup.h" />
		<Unit filename="../../../../src/engine/gui/font_rendering/Font.cpp" />
		<Unit filename="../../../../src/engine/gui/font_rendering/Font.h" />
		<Unit filename="../../../../src/engine/gui/font_rendering/FontFamily.cpp" />
		<Unit filename="../../../../src/engine/gui/font_rendering/FontFamily.h" />
		<Unit filename="../../../../src/engine/gui/font_rendering/FontRenderer.cpp" />
		<Unit filename="../../../../src/engine/gui/font_rendering/FontRenderer.h" />
		<Unit filename="../../../../src/engine/opengl/AABB.cpp" />
		<Unit filename="../../../../src/engine/opengl/AABB.h" />
		<Unit filename="../../../../src/engine/opengl/BufferObject.cpp" />
		<Unit filename="../../../../src/engine/opengl/BufferObject.h" />
		<Unit filename="../../../../src/engine/opengl/CubeMesh.cpp" />
		<Unit filename="../../../../src/engine/opengl/CubeMesh.h" />
		<Unit filename="../../../../src/engine/opengl/FrameBufferObject.cpp" />
		<Unit filename="../../../../src/engine/opengl/FrameBufferObject.h" />
		<Unit filename="../../../../src/engine/opengl/GLObject.cpp" />
		<Unit filename="../../../../src/engine/opengl/GLObject.h" />
		<Unit filename="../../../../src/engine/opengl/GUIQuad.h" />
		<Unit filename="../../../../src/engine/opengl/GridMesh.h" />
		<Unit filename="../../../../src/engine/opengl/IBufferObject.cpp" />
		<Unit filename="../../../../src/engine/opengl/IBufferObject.h" />
		<Unit filename="../../../../src/engine/opengl/MVar.cpp" />
		<Unit filename="../../../../src/engine/opengl/MVar.h" />
		<Unit filename="../../../../src/engine/opengl/Material.cpp" />
		<Unit filename="../../../../src/engine/opengl/Material.h" />
		<Unit filename="../../../../src/engine/opengl/Mesh.cpp" />
		<Unit filename="../../../../src/engine/opengl/Mesh.h" />
		<Unit filename="../../../../src/engine/opengl/OpenGLUtil.cpp" />
		<Unit filename="../../../../src/engine/opengl/OpenGLUtil.h" />
		<Unit filename="../../../../src/engine/opengl/Quad.h" />
		<Unit filename="../../../../src/engine/opengl/RenderBufferObject.cpp" />
		<Unit filename="../../../../src/engine/opengl/RenderBufferObject.h" />
		<Unit filename="../../../../src/engine/opengl/Shader.h" />
		<Unit filename="../../../../src/engine/opengl/SlicedGUIQuad.h" />
		<Unit filename="../../../../src/engine/opengl/Texture.cpp" />
		<Unit filename="../../../../src/engine/opengl/Texture.h" />
		<Unit filename="../../../../src/engine/resources/IImageLoader.cpp" />
		<Unit filename="../../../../src/engine/resources/IImageLoader.h" />
		<Unit filename="../../../../src/engine/resources/IMeshLoader.cpp" />
		<Unit filename="../../../../src/engine/resources/IMeshLoader.h" />
		<Unit filename="../../../../src/engine/resources/IQM.h" />
		<Unit filename="../../../../src/engine/resources/IQMLoader.cpp" />
		<Unit filename="../../../../src/engine/resources/IQMloader.h" />
		<Unit filename="../../../../src/engine/resources/Image.cpp" />
		<Unit filename="../../../../src/engine/resources/Image.h" />
		<Unit filename="../../../../src/engine/resources/ImageLoader.cpp" />
		<Unit filename="../../../../src/engine/resources/ImageLoader.h" />
		<Unit filename="../../../../src/engine/resources/MeshLoader.cpp" />
		<Unit filename="../../../../src/engine/resources/MeshLoader.h" />
		<Unit filename="../../../../src/engine/resources/PNGLoader.cpp" />
		<Unit filename="../../../../src/engine/resources/PNGLoader.h" />
		<Unit filename="../../../../src/engine/resources/ResourceCache.h" />
		<Unit filename="../../../../src/engine/resources/ShaderLoader.cpp" />
		<Unit filename="../../../../src/engine/resources/ShaderLoader.h" />
		<Unit filename="../../../../src/engine/resources/SoundManager.h" />
		<Unit filename="../../../../src/engine/resources/TGAloader.cpp" />
		<Unit filename="../../../../src/engine/resources/TGAloader.h" />
		<Unit filename="../../../../src/engine/scenegraph/Camera.cpp" />
		<Unit filename="../../../../src/engine/scenegraph/Camera.h" />
		<Unit filename="../../../../src/engine/utility/Bit.h" />
		<Unit filename="../../../../src/engine/utility/Box3d.h" />
		<Unit filename="../../../../src/engine/utility/Helpers.cpp" />
		<Unit filename="../../../../src/engine/utility/Helpers.h" />
		<Unit filename="../../../../src/engine/utility/Helpers.inl" />
		<Unit filename="../../../../src/engine/utility/Logger.cpp" />
		<Unit filename="../../../../src/engine/utility/Logger.h" />
		<Unit filename="../../../../src/engine/utility/Plane3d.h" />
		<Unit filename="../../../../src/engine/utility/Rect2d.h" />
		<Unit filename="../../../../src/engine/utility/SimplexNoise.cpp" />
		<Unit filename="../../../../src/engine/utility/SimplexNoise.h" />
		<Unit filename="../../../../src/engine/utility/StringUtil.h" />
		<Unit filename="../../../../src/engine/utility/Timer.cpp" />
		<Unit filename="../../../../src/engine/utility/Timer.h" />
		<Unit filename="../../../../src/engine/utility/Util.cpp" />
		<Unit filename="../../../../src/engine/utility/Util.h" />
		<Unit filename="../../../../src/engine/utility/Vector.h" />
		<Extensions>
			<code_completion />
			<envvars />
			<debugger />
			<lib_finder disable_auto="1" />
		</Extensions>
	</Project>
</CodeBlocks_project_file>
