<?xml version="1.0" encoding="UTF-8" standalone="yes" ?>
<CodeBlocks_project_file>
	<FileVersion major="1" minor="6" />
	<Project>
		<Option title="ZombieGameProject" />
		<Option compiler="gcc" />
		<Build>
			<Target title="Debug">
				<Option output="bin/Debug/ZombieGameProject" prefix_auto="1" extension_auto="1" />
				<Option object_output="obj/Debug/" />
				<Option type="1" />
				<Option compiler="gcc" />
				<Compiler>
					<Add option="-g" />
					<Add directory="../../../libs/glxw/include" />
					<Add directory="../../../libs/glm" />
					<Add directory="../../../libs/bullet/src" />
					<Add directory="../../../libs/glfw/include" />
					<Add directory="../../../src" />
					<Add directory="../../../libs/ktx/include" />
				</Compiler>
				<Linker>
					<Add library="dl" />
					<Add library="pthread" />
					<Add library="Xext" />
					<Add library="X11" />
					<Add library="GL" />
					<Add library="Xrandr" />
					<Add library="libglfw.a" />
					<Add library="libphysfs.a" />
					<Add directory="../../../libs/physfs" />
					<Add directory="../../../libs/glfw/lib/x11" />
					<Add directory="../../../libs/ktx/libktx" />
				</Linker>
			</Target>
			<Target title="Release">
				<Option output="bin/Release/ZombieGameProject" prefix_auto="1" extension_auto="1" />
				<Option object_output="obj/Release/" />
				<Option type="1" />
				<Option compiler="gcc" />
				<Compiler>
					<Add option="-O2" />
				</Compiler>
				<Linker>
					<Add option="-s" />
				</Linker>
			</Target>
		</Build>
		<Compiler>
			<Add option="-std=c++0x" />
			<Add option="-Wall" />
		</Compiler>
		<Unit filename="../../../libs/glxw/include/GL/glcorearb.h" />
		<Unit filename="../../../libs/glxw/include/GLXW/glxw.h" />
		<Unit filename="../../../libs/glxw/include/GLXW/glxw_glx.h" />
		<Unit filename="../../../libs/glxw/src/glxw.c">
			<Option compilerVar="CC" />
		</Unit>
		<Unit filename="../../../libs/glxw/src/glxw_glx.c">
			<Option compilerVar="CC" />
		</Unit>
		<Unit filename="../../../src/bit.h" />
		<Unit filename="../../../src/main.cpp" />
		<Unit filename="../../../src/precomp.cpp" />
		<Unit filename="../../../src/precomp.h" />
		<Unit filename="../../../src/shader.h" />
		<Unit filename="../../../src/texture.h" />
		<Unit filename="../../../src/tgaloader.cpp" />
		<Unit filename="../../../src/tgaloader.h" />
		<Extensions>
			<code_completion />
			<envvars />
			<lib_finder disable_auto="1" />
			<debugger />
			<DoxyBlocks>
				<comment_style block="0" line="0" />
				<doxyfile_project />
				<doxyfile_build />
				<doxyfile_warnings />
				<doxyfile_output />
				<doxyfile_dot />
				<general />
			</DoxyBlocks>
		</Extensions>
	</Project>
</CodeBlocks_project_file>
